
Microsoft Visual Studio Solution File, Format Version 12.00
# Visual Studio Version 17
VisualStudioVersion = 17.4.33122.133
MinimumVisualStudioVersion = 10.0.40219.1
Project("{FAE04EC0-301F-11D3-BF4B-00C04F79EFBC}") = "silvana", "silvana\silvana.csproj", "{ACADF01E-1A0E-48FA-BC24-E17D9D735B34}"
EndProject
Global
	GlobalSection(SolutionConfigurationPlatforms) = preSolution
		Debug|Any CPU = Debug|Any CPU
		Release|Any CPU = Release|Any CPU
	EndGlobalSection
	GlobalSection(ProjectConfigurationPlatforms) = postSolution
		{ACADF01E-1A0E-48FA-BC24-E17D9D735B34}.Debug|Any CPU.ActiveCfg = Debug|Any CPU
		{ACADF01E-1A0E-48FA-BC24-E17D9D735B34}.Debug|Any CPU.Build.0 = Debug|Any CPU
		{ACADF01E-1A0E-48FA-BC24-E17D9D735B34}.Release|Any CPU.ActiveCfg = Release|Any CPU
		{ACADF01E-1A0E-48FA-BC24-E17D9D735B34}.Release|Any CPU.Build.0 = Release|Any CPU
	EndGlobalSection
	GlobalSection(SolutionProperties) = preSolution
		HideSolutionNode = FALSE
	EndGlobalSection
	GlobalSection(ExtensibilityGlobals) = postSolution
		SolutionGuid = {83AD15B1-7D8E-4D07-801B-3D82DEA36EC9}
	EndGlobalSection
EndGlobal
